github.com/google/uuid v1.6.0 h1:NIvaJDMOsjHA8n1jAhLSgzrAzy1Hgr+hNrb57e+94F0=
github.com/google/uuid v1.6.0/go.mod h1:TIyPZe4MgqvfeYDBFedMoGGpEw/LqOeaOT+nhxU+yHo=
github.com/nikonor/cond v1.1.0 h1:AOlJJG0BatGzw3n2vurOAENanBovpprAwO+GasTOJyc=
github.com/nikonor/cond v1.1.0/go.mod h1:BR1UI2nb0iGFrNpHBrGQd3tBzR7YwIkoZUnjGMc/EMM=
